# This file is automatically @generated by Cargo.
# It is not intended for manual editing.
version = 3

[[package]]
name = "ansi_term"
version = "0.6.3"
source = "registry+https://github.com/rust-lang/crates.io-index"
checksum = "ae206c860259479b73b3abc98b66da811843056ed570ed79eb95d3d9b2524325"

[[package]]
name = "day4"
version = "0.1.0"
dependencies = [
 "ansi_term",
]
